Microsoft Visual Studio Solution File, Format Version 12.00
# Visual Studio Version 17
VisualStudioVersion = 17.5.2.0
MinimumVisualStudioVersion = 10.0.40219.1
Project("{FAE04EC0-301F-11D3-BF4B-00C04F79EFBC}") = "GeoCoder", "GeoCoder.csproj", "{2E7EA748-2D62-E5A1-FDA7-24FA38F46F60}"
EndProject
Global
	GlobalSection(SolutionConfigurationPlatforms) = preSolution
		Debug|Any CPU = Debug|Any CPU
		Release|Any CPU = Release|Any CPU
	EndGlobalSection
	GlobalSection(ProjectConfigurationPlatforms) = postSolution
		{2E7EA748-2D62-E5A1-FDA7-24FA38F46F60}.Debug|Any CPU.ActiveCfg = Debug|Any CPU
		{2E7EA748-2D62-E5A1-FDA7-24FA38F46F60}.Debug|Any CPU.Build.0 = Debug|Any CPU
		{2E7EA748-2D62-E5A1-FDA7-24FA38F46F60}.Release|Any CPU.ActiveCfg = Release|Any CPU
		{2E7EA748-2D62-E5A1-FDA7-24FA38F46F60}.Release|Any CPU.Build.0 = Release|Any CPU
	EndGlobalSection
	GlobalSection(SolutionProperties) = preSolution
		HideSolutionNode = FALSE
	EndGlobalSection
	GlobalSection(ExtensibilityGlobals) = postSolution
		SolutionGuid = {AB9B3E70-1F50-413A-9888-658AFC554EF3}
	EndGlobalSection
EndGlobal
